
Microsoft Visual Studio Solution File, Format Version 12.00
# Visual Studio Version 17
VisualStudioVersion = 17.8.34408.163
MinimumVisualStudioVersion = 10.0.40219.1
Project("{8BC9CEB8-8B4A-11D0-8D11-00A0C91BC942}") = "Cities2D", "Cities2D.vcxproj", "{C622E96B-2119-44E9-99FF-F1BC07553BD3}"
EndProject
Global
	GlobalSection(SolutionConfigurationPlatforms) = preSolution
		Debug|x64 = Debug|x64
		Debug|x86 = Debug|x86
		Release|x64 = Release|x64
		Release|x86 = Release|x86
	EndGlobalSection
	GlobalSection(ProjectConfigurationPlatforms) = postSolution
		{C622E96B-2119-44E9-99FF-F1BC07553BD3}.Debug|x64.ActiveCfg = Debug|x64
		{C622E96B-2119-44E9-99FF-F1BC07553BD3}.Debug|x64.Build.0 = Debug|x64
		{C622E96B-2119-44E9-99FF-F1BC07553BD3}.Debug|x86.ActiveCfg = Debug|Win32
		{C622E96B-2119-44E9-99FF-F1BC07553BD3}.Debug|x86.Build.0 = Debug|Win32
		{C622E96B-2119-44E9-99FF-F1BC07553BD3}.Release|x64.ActiveCfg = Release|x64
		{C622E96B-2119-44E9-99FF-F1BC07553BD3}.Release|x64.Build.0 = Release|x64
		{C622E96B-2119-44E9-99FF-F1BC07553BD3}.Release|x86.ActiveCfg = Release|Win32
		{C622E96B-2119-44E9-99FF-F1BC07553BD3}.Release|x86.Build.0 = Release|Win32
	EndGlobalSection
	GlobalSection(SolutionProperties) = preSolution
		HideSolutionNode = FALSE
	EndGlobalSection
	GlobalSection(ExtensibilityGlobals) = postSolution
		SolutionGuid = {65143CC0-65D3-4D76-8F66-33DBFE7D7AFA}
	EndGlobalSection
EndGlobal
